<?xml version="1.0" encoding="utf-8"?>
<Project ToolsVersion="4.0" xmlns="http://schemas.microsoft.com/developer/msbuild/2003">
  <ItemGroup>
    <Filter Include="Source Files">
      <UniqueIdentifier>{4FC737F1-C7A5-4376-A066-2A32D752A2FF}</UniqueIdentifier>
      <Extensions>cpp;c;cc;cxx;c++;cppm;ixx;def;odl;idl;hpj;bat;asm;asmx</Extensions>
    </Filter>
    <Filter Include="Resource Files">
      <UniqueIdentifier>{67DA6AB6-F800-4c08-8B7A-83BB121AAD01}</UniqueIdentifier>
      <Extensions>rc;ico;cur;bmp;dlg;rc2;rct;bin;rgs;gif;jpg;jpeg;jpe;resx;tiff;tif;png;wav;mfcribbon-ms</Extensions>
    </Filter>
    <Filter Include="Source Files\Events">
      <UniqueIdentifier>{1bb9d953-30b8-4351-8702-0690cc8b898b}</UniqueIdentifier>
    </Filter>
    <Filter Include="Source Files\App">
      <UniqueIdentifier>{4bfca9f7-dda6-4a36-b2e0-36f3092c2533}</UniqueIdentifier>
    </Filter>
    <Filter Include="Source Files\Logging">
      <UniqueIdentifier>{7b422a17-ed96-4179-842b-2e49056477bb}</UniqueIdentifier>
    </Filter>
    <Filter Include="Source Files\Imgui">
      <UniqueIdentifier>{26f54292-b11c-4eae-9c85-8c007c55cb89}</UniqueIdentifier>
    </Filter>
    <Filter Include="Source Files\Layers">
      <UniqueIdentifier>{2dda3515-d449-4031-86ba-7e5061a94b52}</UniqueIdentifier>
    </Filter>
    <Filter Include="Source Files\Rendering">
      <UniqueIdentifier>{2e56a764-a819-4f6c-ac7a-47180eec5afb}</UniqueIdentifier>
    </Filter>
    <Filter Include="Source Files\Rendering\Shader">
      <UniqueIdentifier>{391e6664-ed24-40b2-8f7a-fde64a48eb2f}</UniqueIdentifier>
    </Filter>
    <Filter Include="Source Files\Rendering\Buffer">
      <UniqueIdentifier>{3bad7381-83b5-479f-a1b6-a639953fa29c}</UniqueIdentifier>
    </Filter>
    <Filter Include="Source Files\Window">
      <UniqueIdentifier>{aa439520-3655-47f6-a2a9-48af0baef570}</UniqueIdentifier>
    </Filter>
    <Filter Include="Vendor">
      <UniqueIdentifier>{93995380-89BD-4b04-88EB-625FBE52EBFB}</UniqueIdentifier>
      <Extensions>h;hh;hpp;hxx;h++;hm;inl;inc;ipp;xsd</Extensions>
    </Filter>
    <Filter Include="Vendor\Glad">
      <UniqueIdentifier>{5c4c0376-c29b-404a-9a21-b77107432df5}</UniqueIdentifier>
    </Filter>
    <Filter Include="Vendor\Imgui">
      <UniqueIdentifier>{180b7221-d5e5-4725-97ae-7abd3fe5c83d}</UniqueIdentifier>
    </Filter>
    <Filter Include="Vendor\Imgui\backend">
      <UniqueIdentifier>{adf47b5a-2561-4fde-9905-6a78f5957646}</UniqueIdentifier>
    </Filter>
    <Filter Include="Source Files\Rendering\FirstPersonCamera">
      <UniqueIdentifier>{3afec6ac-2f27-4589-bcb8-cc3779ac7222}</UniqueIdentifier>
    </Filter>
    <Filter Include="Source Files\Events\Mouse">
      <UniqueIdentifier>{fa861113-b0d9-4bea-b254-e10c324176ef}</UniqueIdentifier>
    </Filter>
    <Filter Include="Source Files\Events\Key">
      <UniqueIdentifier>{4f153ab3-d37f-474b-8573-77df3b3842b3}</UniqueIdentifier>
    </Filter>
    <Filter Include="Source Files\Events\App">
      <UniqueIdentifier>{d5ec2b2d-ce29-4de5-92ec-21f4a7ef2789}</UniqueIdentifier>
    </Filter>
    <Filter Include="Source Files\Rendering\Skybox">
      <UniqueIdentifier>{0f98b883-d20a-4c7d-a13c-4a95407191cb}</UniqueIdentifier>
    </Filter>
    <Filter Include="Source Files\ResourceManager">
      <UniqueIdentifier>{41f50d1d-4c88-4701-a4f8-95dc86ac9b78}</UniqueIdentifier>
    </Filter>
    <Filter Include="Source Files\Rendering\Camera">
      <UniqueIdentifier>{a65fb70a-4c79-4168-8dd8-de32fb586571}</UniqueIdentifier>
    </Filter>
    <Filter Include="Source Files\Rendering\Object">
      <UniqueIdentifier>{f9fdecd7-beb9-4b0f-b132-bd91d445e62e}</UniqueIdentifier>
    </Filter>
    <Filter Include="Source Files\Rendering\Lights">
      <UniqueIdentifier>{156949e9-c526-4a45-9430-febd9031ad5c}</UniqueIdentifier>
    </Filter>
    <Filter Include="Source Files\Rendering\Material">
      <UniqueIdentifier>{766b5aaf-57a2-477b-82c9-2cc16b3d97a4}</UniqueIdentifier>
    </Filter>
  </ItemGroup>
  <ItemGroup>
    <ClCompile Include="main.cpp">
      <Filter>Source Files</Filter>
    </ClCompile>
    <ClCompile Include="Window.cpp">
      <Filter>Source Files\Window</Filter>
    </ClCompile>
    <ClCompile Include="Events.cpp">
      <Filter>Source Files\Events</Filter>
    </ClCompile>
    <ClCompile Include="App.cpp">
      <Filter>Source Files\App</Filter>
    </ClCompile>
    <ClCompile Include="Logging.cpp">
      <Filter>Source Files\Logging</Filter>
    </ClCompile>
    <ClCompile Include="ImGuiLayer.cpp">
      <Filter>Source Files\Imgui</Filter>
    </ClCompile>
    <ClCompile Include="vendor\Glad\src\glad.c">
      <Filter>Vendor\Glad</Filter>
    </ClCompile>
    <ClCompile Include="vendor\imgui\imgui.cpp">
      <Filter>Vendor\Imgui</Filter>
    </ClCompile>
    <ClCompile Include="vendor\imgui\imgui_demo.cpp">
      <Filter>Vendor\Imgui</Filter>
    </ClCompile>
    <ClCompile Include="vendor\imgui\imgui_draw.cpp">
      <Filter>Vendor\Imgui</Filter>
    </ClCompile>
    <ClCompile Include="vendor\imgui\imgui_tables.cpp">
      <Filter>Vendor\Imgui</Filter>
    </ClCompile>
    <ClCompile Include="vendor\imgui\imgui_widgets.cpp">
      <Filter>Vendor\Imgui</Filter>
    </ClCompile>
    <ClCompile Include="vendor\imgui\backends\imgui_impl_glfw.cpp">
      <Filter>Vendor\Imgui\backend</Filter>
    </ClCompile>
    <ClCompile Include="vendor\imgui\backends\imgui_impl_opengl3.cpp">
      <Filter>Vendor\Imgui\backend</Filter>
    </ClCompile>
    <ClCompile Include="Layer.cpp">
      <Filter>Source Files\Layers</Filter>
    </ClCompile>
    <ClCompile Include="RenderingLayer.cpp">
      <Filter>Source Files\Rendering</Filter>
    </ClCompile>
    <ClCompile Include="Shader.cpp">
      <Filter>Source Files\Rendering\Shader</Filter>
    </ClCompile>
    <ClCompile Include="FirstPersonCamera.cpp">
      <Filter>Source Files\Rendering\FirstPersonCamera</Filter>
    </ClCompile>
    <ClCompile Include="Skybox.cpp">
      <Filter>Source Files\Rendering\Skybox</Filter>
    </ClCompile>
    <ClCompile Include="ResourceManager.cpp">
      <Filter>Source Files\ResourceManager</Filter>
    </ClCompile>
    <ClCompile Include="Camera.cpp">
      <Filter>Source Files\Rendering\Camera</Filter>
    </ClCompile>
    <ClCompile Include="Object.cpp">
      <Filter>Source Files\Rendering\Object</Filter>
    </ClCompile>
    <ClCompile Include="Light.cpp">
      <Filter>Source Files\Rendering\Lights</Filter>
    </ClCompile>
    <ClCompile Include="Material.cpp">
      <Filter>Source Files\Rendering\Material</Filter>
    </ClCompile>
  </ItemGroup>
  <ItemGroup>
    <ClInclude Include="Window.h">
      <Filter>Source Files\Window</Filter>
    </ClInclude>
    <ClInclude Include="Events.h">
      <Filter>Source Files\Events</Filter>
    </ClInclude>
    <ClInclude Include="App.h">
      <Filter>Source Files\App</Filter>
    </ClInclude>
    <ClInclude Include="Logging.h">
      <Filter>Source Files\Logging</Filter>
    </ClInclude>
    <ClInclude Include="ImGuiLayer.h">
      <Filter>Source Files\Imgui</Filter>
    </ClInclude>
    <ClInclude Include="vendor\imgui\imconfig.h">
      <Filter>Vendor\Imgui</Filter>
    </ClInclude>
    <ClInclude Include="vendor\imgui\imgui.h">
      <Filter>Vendor\Imgui</Filter>
    </ClInclude>
    <ClInclude Include="vendor\imgui\imgui_internal.h">
      <Filter>Vendor\Imgui</Filter>
    </ClInclude>
    <ClInclude Include="vendor\imgui\imstb_rectpack.h">
      <Filter>Vendor\Imgui</Filter>
    </ClInclude>
    <ClInclude Include="vendor\imgui\imstb_textedit.h">
      <Filter>Vendor\Imgui</Filter>
    </ClInclude>
    <ClInclude Include="vendor\imgui\imstb_truetype.h">
      <Filter>Vendor\Imgui</Filter>
    </ClInclude>
    <ClInclude Include="vendor\imgui\backends\imgui_impl_glfw.h">
      <Filter>Vendor\Imgui\backend</Filter>
    </ClInclude>
    <ClInclude Include="vendor\imgui\backends\imgui_impl_opengl3.h">
      <Filter>Vendor\Imgui\backend</Filter>
    </ClInclude>
    <ClInclude Include="vendor\imgui\backends\imgui_impl_opengl3_loader.h">
      <Filter>Vendor\Imgui\backend</Filter>
    </ClInclude>
    <ClInclude Include="Layer.h">
      <Filter>Source Files\Layers</Filter>
    </ClInclude>
    <ClInclude Include="RenderingLayer.h">
      <Filter>Source Files\Rendering</Filter>
    </ClInclude>
    <ClInclude Include="FirstPersonCamera.h">
      <Filter>Source Files\Rendering\FirstPersonCamera</Filter>
    </ClInclude>
    <ClInclude Include="MouseCodes.h">
      <Filter>Source Files\Events\Mouse</Filter>
    </ClInclude>
    <ClInclude Include="MouseEvent.h">
      <Filter>Source Files\Events\Mouse</Filter>
    </ClInclude>
    <ClInclude Include="KeyCodes.h">
      <Filter>Source Files\Events\Key</Filter>
    </ClInclude>
    <ClInclude Include="KeyEvent.h">
      <Filter>Source Files\Events\Key</Filter>
    </ClInclude>
    <ClInclude Include="AppEvent.h">
      <Filter>Source Files\Events\App</Filter>
    </ClInclude>
    <ClInclude Include="Skybox.h">
      <Filter>Source Files\Rendering\Skybox</Filter>
    </ClInclude>
    <ClInclude Include="ResourceManager.h">
      <Filter>Source Files\ResourceManager</Filter>
    </ClInclude>
    <ClInclude Include="Material.h">
      <Filter>Source Files\Rendering\Material</Filter>
    </ClInclude>
    <ClInclude Include="base.h">
      <Filter>Source Files</Filter>
    </ClInclude>
    <ClInclude Include="main.h">
      <Filter>Vendor</Filter>
    </ClInclude>
  </ItemGroup>
  <ItemGroup>
    <FxCompile Include="VertexShader.glsl">
      <Filter>Source Files\Rendering\Shader</Filter>
    </FxCompile>
  </ItemGroup>
  <ItemGroup>
    <None Include="FragmentShader.glsl">
      <Filter>Source Files\Rendering\Shader</Filter>
    </None>
  </ItemGroup>
</Project>